
Microsoft Visual Studio Solution File, Format Version 12.00
Project("{FAE04EC0-301F-11D3-BF4B-00C04F79EFBC}") = "SoatTechChallenge", "SoatTechChallenge\SoatTechChallenge.csproj", "{CB7B5022-474C-4A28-B44A-7449E3307284}"
EndProject
Project("{2150E333-8FDC-42A3-9474-1A3956D46DE8}") = "Solution Items", "Solution Items", "{3222A9B4-51BB-466C-97BF-1597EDFBF793}"
	ProjectSection(SolutionItems) = preProject
		compose.yaml = compose.yaml
	EndProjectSection
EndProject
Project("{FAE04EC0-301F-11D3-BF4B-00C04F79EFBC}") = "SoatTechChallenge.Infrastructure", "SoatTechChallenge.Infrastructure\SoatTechChallenge.Infrastructure.csproj", "{47BC0112-AF03-4CC9-AD4C-4B377A241C70}"
EndProject
Project("{FAE04EC0-301F-11D3-BF4B-00C04F79EFBC}") = "SoatTechChallenge.Domain", "SoatTechChallenge.Domain\SoatTechChallenge.Domain.csproj", "{8EE9B8A4-7B5D-49B1-B74F-56E82EC5B8CA}"
EndProject
Project("{FAE04EC0-301F-11D3-BF4B-00C04F79EFBC}") = "SoatTechChallenge.Application", "SoatTechChallenge.Application\SoatTechChallenge.Application.csproj", "{33F4DA17-C00C-475E-A8EA-5C9AE1319383}"
EndProject
Project("{FAE04EC0-301F-11D3-BF4B-00C04F79EFBC}") = "SoatTechChallenge.Tests", "SoatTechChallenge.Tests\SoatTechChallenge.Tests.csproj", "{EA5B245A-6DAA-4391-B919-6BF878D5740B}"
EndProject
Global
	GlobalSection(SolutionConfigurationPlatforms) = preSolution
		Debug|Any CPU = Debug|Any CPU
		Release|Any CPU = Release|Any CPU
	EndGlobalSection
	GlobalSection(ProjectConfigurationPlatforms) = postSolution
		{CB7B5022-474C-4A28-B44A-7449E3307284}.Debug|Any CPU.ActiveCfg = Debug|Any CPU
		{CB7B5022-474C-4A28-B44A-7449E3307284}.Debug|Any CPU.Build.0 = Debug|Any CPU
		{CB7B5022-474C-4A28-B44A-7449E3307284}.Release|Any CPU.ActiveCfg = Release|Any CPU
		{CB7B5022-474C-4A28-B44A-7449E3307284}.Release|Any CPU.Build.0 = Release|Any CPU
		{47BC0112-AF03-4CC9-AD4C-4B377A241C70}.Debug|Any CPU.ActiveCfg = Debug|Any CPU
		{47BC0112-AF03-4CC9-AD4C-4B377A241C70}.Debug|Any CPU.Build.0 = Debug|Any CPU
		{47BC0112-AF03-4CC9-AD4C-4B377A241C70}.Release|Any CPU.ActiveCfg = Release|Any CPU
		{47BC0112-AF03-4CC9-AD4C-4B377A241C70}.Release|Any CPU.Build.0 = Release|Any CPU
		{8EE9B8A4-7B5D-49B1-B74F-56E82EC5B8CA}.Debug|Any CPU.ActiveCfg = Debug|Any CPU
		{8EE9B8A4-7B5D-49B1-B74F-56E82EC5B8CA}.Debug|Any CPU.Build.0 = Debug|Any CPU
		{8EE9B8A4-7B5D-49B1-B74F-56E82EC5B8CA}.Release|Any CPU.ActiveCfg = Release|Any CPU
		{8EE9B8A4-7B5D-49B1-B74F-56E82EC5B8CA}.Release|Any CPU.Build.0 = Release|Any CPU
		{33F4DA17-C00C-475E-A8EA-5C9AE1319383}.Debug|Any CPU.ActiveCfg = Debug|Any CPU
		{33F4DA17-C00C-475E-A8EA-5C9AE1319383}.Debug|Any CPU.Build.0 = Debug|Any CPU
		{33F4DA17-C00C-475E-A8EA-5C9AE1319383}.Release|Any CPU.ActiveCfg = Release|Any CPU
		{33F4DA17-C00C-475E-A8EA-5C9AE1319383}.Release|Any CPU.Build.0 = Release|Any CPU
		{EA5B245A-6DAA-4391-B919-6BF878D5740B}.Debug|Any CPU.ActiveCfg = Debug|Any CPU
		{EA5B245A-6DAA-4391-B919-6BF878D5740B}.Debug|Any CPU.Build.0 = Debug|Any CPU
		{EA5B245A-6DAA-4391-B919-6BF878D5740B}.Release|Any CPU.ActiveCfg = Release|Any CPU
		{EA5B245A-6DAA-4391-B919-6BF878D5740B}.Release|Any CPU.Build.0 = Release|Any CPU
	EndGlobalSection
EndGlobal
